
Microsoft Visual Studio Solution File, Format Version 12.00
# Visual Studio Version 16
VisualStudioVersion = 16.0.29905.134
MinimumVisualStudioVersion = 10.0.40219.1
Project("{9A19103F-16F7-4668-BE54-9A1E7A4F7556}") = "InsuranceWebApi", "InsuranceWebApi.csproj", "{6664FC51-A11F-4B1C-B058-1A278DE0223F}"
EndProject
Global
	GlobalSection(SolutionConfigurationPlatforms) = preSolution
		Debug|Any CPU = Debug|Any CPU
		Release|Any CPU = Release|Any CPU
	EndGlobalSection
	GlobalSection(ProjectConfigurationPlatforms) = postSolution
		{6664FC51-A11F-4B1C-B058-1A278DE0223F}.Debug|Any CPU.ActiveCfg = Debug|Any CPU
		{6664FC51-A11F-4B1C-B058-1A278DE0223F}.Debug|Any CPU.Build.0 = Debug|Any CPU
		{6664FC51-A11F-4B1C-B058-1A278DE0223F}.Release|Any CPU.ActiveCfg = Release|Any CPU
		{6664FC51-A11F-4B1C-B058-1A278DE0223F}.Release|Any CPU.Build.0 = Release|Any CPU
	EndGlobalSection
	GlobalSection(SolutionProperties) = preSolution
		HideSolutionNode = FALSE
	EndGlobalSection
	GlobalSection(ExtensibilityGlobals) = postSolution
		SolutionGuid = {A620AC08-96C3-48B1-A131-305BE8907962}
	EndGlobalSection
EndGlobal
